{
  "nodes": {
    "darwin": {
      "inputs": {
        "nixpkgs": [
          "nixpkgs"
        ]
      },
      "locked": {
        "lastModified": 1668534244,
        "narHash": "sha256-8sgzegrEVUZMJUg4jEiC6pokeMPY02BFe49iXnVrXkk=",
        "owner": "LnL7",
        "repo": "nix-darwin",
        "rev": "4182ad42d5fb5001adb1f61bec3a04fae0eecb95",
        "type": "github"
      },
      "original": {
        "owner": "LnL7",
        "repo": "nix-darwin",
        "type": "github"
      }
    },
    "nixpkgs": {
      "locked": {
        "lastModified": 1668739124,
        "narHash": "sha256-fCaHl0imrA8fpYjEZXWh78upK3Xx1DDEcdVRQGvKVfg=",
        "owner": "NixOS",
        "repo": "nixpkgs",
        "rev": "a14e29ab8186fa133e0e9923eab7cb29b3dc3c99",
        "type": "github"
      },
      "original": {
        "owner": "NixOS",
        "repo": "nixpkgs",
        "type": "github"
      }
    },
    "root": {
      "inputs": {
        "darwin": "darwin",
        "nixpkgs": "nixpkgs"
      }
    }
  },
  "root": "root",
  "version": 7
}
